
Microsoft Visual Studio Solution File, Format Version 12.00
# Visual Studio Version 16
VisualStudioVersion = 16.0.30907.101
MinimumVisualStudioVersion = 10.0.40219.1
Project("{FAE04EC0-301F-11D3-BF4B-00C04F79EFBC}") = "WpfApp24", "WpfApp24.csproj", "{B77B45EA-DC9E-4D6F-BBF1-A7C57FE9D5D6}"
EndProject
Global
	GlobalSection(SolutionConfigurationPlatforms) = preSolution
		Debug|Any CPU = Debug|Any CPU
		Release|Any CPU = Release|Any CPU
	EndGlobalSection
	GlobalSection(ProjectConfigurationPlatforms) = postSolution
		{B77B45EA-DC9E-4D6F-BBF1-A7C57FE9D5D6}.Debug|Any CPU.ActiveCfg = Debug|Any CPU
		{B77B45EA-DC9E-4D6F-BBF1-A7C57FE9D5D6}.Debug|Any CPU.Build.0 = Debug|Any CPU
		{B77B45EA-DC9E-4D6F-BBF1-A7C57FE9D5D6}.Release|Any CPU.ActiveCfg = Release|Any CPU
		{B77B45EA-DC9E-4D6F-BBF1-A7C57FE9D5D6}.Release|Any CPU.Build.0 = Release|Any CPU
	EndGlobalSection
	GlobalSection(SolutionProperties) = preSolution
		HideSolutionNode = FALSE
	EndGlobalSection
	GlobalSection(ExtensibilityGlobals) = postSolution
		SolutionGuid = {376591E9-8366-430B-A0A8-0C194BA0C376}
	EndGlobalSection
EndGlobal
